
Microsoft Visual Studio Solution File, Format Version 12.00
# Visual Studio Version 17
VisualStudioVersion = 17.14.36518.9
MinimumVisualStudioVersion = 10.0.40219.1
Project("{FAE04EC0-301F-11D3-BF4B-00C04F79EFBC}") = "Generics", "Generics\Generics.csproj", "{1E333D37-7854-43A0-85A8-072B73A7EC20}"
EndProject
Project("{FAE04EC0-301F-11D3-BF4B-00C04F79EFBC}") = "GenericComparison", "GenericComparison\GenericComparison.csproj", "{57645DA6-0DDE-449B-A6E6-B70DA138867D}"
EndProject
Project("{FAE04EC0-301F-11D3-BF4B-00C04F79EFBC}") = "Collections", "Collections'\Collections.csproj", "{FE906C67-ECD8-4A49-A2E1-A98D572986AB}"
EndProject
Project("{FAE04EC0-301F-11D3-BF4B-00C04F79EFBC}") = "InterfaceImplimentationDemo", "Demos\InterfaceImplimentationDemo.csproj", "{4EC78C4A-1436-445D-9EAD-20BDD8049011}"
EndProject
Project("{FAE04EC0-301F-11D3-BF4B-00C04F79EFBC}") = "ForeachDemo", "ForeachDemo\ForeachDemo.csproj", "{401B3F21-B2D4-40BF-B70A-F2067AA6FF0C}"
EndProject
Project("{FAE04EC0-301F-11D3-BF4B-00C04F79EFBC}") = "ListDemo", "ListDemo\ListDemo.csproj", "{120DB00D-E8D6-42AE-B4BB-39D33666B108}"
EndProject
Project("{FAE04EC0-301F-11D3-BF4B-00C04F79EFBC}") = "DictionaryDemo", "DictionaryDemo\DictionaryDemo.csproj", "{8B19040D-F365-44A6-AE8D-9FC00E6458F0}"
EndProject
Project("{FAE04EC0-301F-11D3-BF4B-00C04F79EFBC}") = "QueueDemo", "QueueDemo\QueueDemo.csproj", "{FE5794FA-3B8E-492D-A683-03EE4A9E50F7}"
EndProject
Project("{FAE04EC0-301F-11D3-BF4B-00C04F79EFBC}") = "StackDemo", "StackDemo\StackDemo.csproj", "{8D773C11-DED0-4009-90B8-2AC59EEB02D9}"
EndProject
Project("{FAE04EC0-301F-11D3-BF4B-00C04F79EFBC}") = "HashSetDemo", "HashSetDemo\HashSetDemo.csproj", "{553083F5-D061-4EBF-B921-F83E3E253214}"
EndProject
Project("{FAE04EC0-301F-11D3-BF4B-00C04F79EFBC}") = "MovieApiDemo", "MovieApiDemo\MovieApiDemo.csproj", "{834F7583-EC2C-493F-8EFF-6B39CFDC5768}"
EndProject
Project("{FAE04EC0-301F-11D3-BF4B-00C04F79EFBC}") = "DateTimeDemo", "DateTimeDemo\DateTimeDemo.csproj", "{55E64D47-F743-4173-B552-9DF517B319EB}"
EndProject
Project("{FAE04EC0-301F-11D3-BF4B-00C04F79EFBC}") = "TimeSpanDemo", "TimeSpanDemo\TimeSpanDemo.csproj", "{165331A6-95F0-4FAA-B0B3-5611F8725900}"
EndProject
Project("{FAE04EC0-301F-11D3-BF4B-00C04F79EFBC}") = "StringBuilderDemo", "StringBuilderDemo\StringBuilderDemo.csproj", "{6EE42A37-1C1B-4BC9-8173-2418712D1A7A}"
EndProject
Project("{FAE04EC0-301F-11D3-BF4B-00C04F79EFBC}") = "TuplesDemo", "TuplesDemo\TuplesDemo.csproj", "{7EF541ED-C59B-44EF-83C0-3143F03789FA}"
EndProject
Project("{FAE04EC0-301F-11D3-BF4B-00C04F79EFBC}") = "RandomDemo", "RandomDemo\RandomDemo.csproj", "{5DB0F39E-95BB-4A32-9E0A-2BF7F5018B28}"
EndProject
Project("{FAE04EC0-301F-11D3-BF4B-00C04F79EFBC}") = "ByRef", "ByRef\ByRef.csproj", "{2FBD05CB-0D11-46FD-AC13-E691B665DBDF}"
EndProject
Project("{FAE04EC0-301F-11D3-BF4B-00C04F79EFBC}") = "Out", "Out\Out.csproj", "{A24CC1C6-CDA2-4106-93D5-27DB8C36099B}"
EndProject
Project("{FAE04EC0-301F-11D3-BF4B-00C04F79EFBC}") = "Loggning", "Loggning\Loggning.csproj", "{61312310-D531-44B2-83D8-850BA974CA24}"
EndProject
Project("{FAE04EC0-301F-11D3-BF4B-00C04F79EFBC}") = "LoggningBigger", "LoggningBigger\LoggningBigger.csproj", "{8E9302D1-FC73-44B3-AA81-5FA7D97DA654}"
EndProject
Project("{FAE04EC0-301F-11D3-BF4B-00C04F79EFBC}") = "LoggingExercise", "LoggingExercise\LoggingExercise.csproj", "{28E289A1-F4C9-469B-97D3-BBA5169F2149}"
EndProject
Project("{FAE04EC0-301F-11D3-BF4B-00C04F79EFBC}") = "TryParse", "TryParse\TryParse.csproj", "{76B2B8D3-1BBC-4630-AB85-6B5934B10A1A}"
EndProject
Project("{FAE04EC0-301F-11D3-BF4B-00C04F79EFBC}") = "Exceptions", "Exceptions\Exceptions.csproj", "{6265EB93-E8E0-41FA-9D00-5AB811444D62}"
EndProject
Project("{FAE04EC0-301F-11D3-BF4B-00C04F79EFBC}") = "ExceptionRising", "ExceptionRising\ExceptionRising.csproj", "{2520AB85-BC94-4F62-A91C-BD0D9CA7D4DB}"
EndProject
Project("{FAE04EC0-301F-11D3-BF4B-00C04F79EFBC}") = "ExceptionCustom", "ExceptionCustom\ExceptionCustom.csproj", "{DD0440E4-6DDB-413C-A3AE-855592CF1DBE}"
EndProject
Project("{FAE04EC0-301F-11D3-BF4B-00C04F79EFBC}") = "JsonSerialize", "Json\JsonSerialize.csproj", "{9C9D1E16-B328-4631-9BC8-CA7D23DC7D76}"
EndProject
Project("{FAE04EC0-301F-11D3-BF4B-00C04F79EFBC}") = "JsonDeserialize", "JsonDeserialize\JsonDeserialize.csproj", "{8C5BB3B4-0E43-4C7E-B838-27E1FC9B0EDE}"
EndProject
Project("{FAE04EC0-301F-11D3-BF4B-00C04F79EFBC}") = "Lambda", "Lambda\Lambda.csproj", "{8ADF2CFC-C228-4CAD-9170-CF95FB1B7F22}"
EndProject
Project("{FAE04EC0-301F-11D3-BF4B-00C04F79EFBC}") = "FilerSökvägar", "FilerSökvägar\FilerSökvägar.csproj", "{39431BD1-25B8-477A-8891-C9D9F13B22AF}"
EndProject
Project("{FAE04EC0-301F-11D3-BF4B-00C04F79EFBC}") = "FilerFilinfo", "FilerFilinfo\FilerFilinfo.csproj", "{89F09AA8-C1E3-4A13-97ED-3E119251CA17}"
EndProject
Project("{FAE04EC0-301F-11D3-BF4B-00C04F79EFBC}") = "FilhanteringMappar", "FilhanteringMappar\FilhanteringMappar.csproj", "{0CDB3AA0-B403-4380-B5BB-CA34D3F89236}"
EndProject
Project("{FAE04EC0-301F-11D3-BF4B-00C04F79EFBC}") = "FilerSkrivaSkapa", "FilerSkrivaSkapa\FilerSkrivaSkapa.csproj", "{9CFDA2E1-080E-46CC-BD16-F5D1EA5C4697}"
EndProject
Project("{FAE04EC0-301F-11D3-BF4B-00C04F79EFBC}") = "FileRead", "FileRead\FileRead.csproj", "{6DCE76AF-D57D-4AF4-93FB-C2DD96DB56A1}"
EndProject
Project("{FAE04EC0-301F-11D3-BF4B-00C04F79EFBC}") = "Indexer", "Indexer\Indexer.csproj", "{09B3CAA2-6616-4423-9356-48EA4BD4ED60}"
EndProject
Project("{FAE04EC0-301F-11D3-BF4B-00C04F79EFBC}") = "OperatorOverload", "OperatorOverload\OperatorOverload.csproj", "{E3238C96-B9C5-4BC6-A028-FE19E20B45A1}"
EndProject
Project("{FAE04EC0-301F-11D3-BF4B-00C04F79EFBC}") = "Linq", "Linq\Linq.csproj", "{C9CBE458-CBFA-44A3-82BE-071C1E30B41D}"
EndProject
Project("{FAE04EC0-301F-11D3-BF4B-00C04F79EFBC}") = "LinqÖvning", "LinqÖvning\LinqÖvning.csproj", "{38C689A3-4A75-4155-9C62-31C52DEFC860}"
EndProject
Project("{FAE04EC0-301F-11D3-BF4B-00C04F79EFBC}") = "LinqExtensionMethods", "LinqExtensionMethods\LinqExtensionMethods.csproj", "{B3AD2C6A-3C21-432B-A91D-0BDC4DFE9414}"
EndProject
Project("{FAE04EC0-301F-11D3-BF4B-00C04F79EFBC}") = "LinqQuerySyntax", "LinqQuerySyntax\LinqQuerySyntax.csproj", "{E5C82C43-87F3-4EED-8DD0-E433F101A8EC}"
EndProject
Project("{FAE04EC0-301F-11D3-BF4B-00C04F79EFBC}") = "Threads", "Threads\Threads.csproj", "{B63152BD-2B21-4F6A-AB33-76BA9747F91C}"
EndProject
Project("{FAE04EC0-301F-11D3-BF4B-00C04F79EFBC}") = "Async", "Async\Async.csproj", "{CA11416D-A7A3-44A5-955F-9B27DA813703}"
EndProject
Project("{FAE04EC0-301F-11D3-BF4B-00C04F79EFBC}") = "CancelationToken", "CancelationToken\CancelationToken.csproj", "{D8587F37-FD38-4E6C-93E8-BDE93C6B88C0}"
EndProject
Project("{FAE04EC0-301F-11D3-BF4B-00C04F79EFBC}") = "IndexerComparison", "IndexerComparison\IndexerComparison.csproj", "{9EC573AF-207B-495A-A673-A154CE1F420A}"
EndProject
Project("{FAE04EC0-301F-11D3-BF4B-00C04F79EFBC}") = "IndexerÖvning", "IndexerÖvning\IndexerÖvning.csproj", "{3570D04A-75BE-4923-8FC0-EC02D38259DB}"
EndProject
Global
	GlobalSection(SolutionConfigurationPlatforms) = preSolution
		Debug|Any CPU = Debug|Any CPU
		Release|Any CPU = Release|Any CPU
	EndGlobalSection
	GlobalSection(ProjectConfigurationPlatforms) = postSolution
		{1E333D37-7854-43A0-85A8-072B73A7EC20}.Debug|Any CPU.ActiveCfg = Debug|Any CPU
		{1E333D37-7854-43A0-85A8-072B73A7EC20}.Debug|Any CPU.Build.0 = Debug|Any CPU
		{1E333D37-7854-43A0-85A8-072B73A7EC20}.Release|Any CPU.ActiveCfg = Release|Any CPU
		{1E333D37-7854-43A0-85A8-072B73A7EC20}.Release|Any CPU.Build.0 = Release|Any CPU
		{57645DA6-0DDE-449B-A6E6-B70DA138867D}.Debug|Any CPU.ActiveCfg = Debug|Any CPU
		{57645DA6-0DDE-449B-A6E6-B70DA138867D}.Debug|Any CPU.Build.0 = Debug|Any CPU
		{57645DA6-0DDE-449B-A6E6-B70DA138867D}.Release|Any CPU.ActiveCfg = Release|Any CPU
		{57645DA6-0DDE-449B-A6E6-B70DA138867D}.Release|Any CPU.Build.0 = Release|Any CPU
		{FE906C67-ECD8-4A49-A2E1-A98D572986AB}.Debug|Any CPU.ActiveCfg = Debug|Any CPU
		{FE906C67-ECD8-4A49-A2E1-A98D572986AB}.Debug|Any CPU.Build.0 = Debug|Any CPU
		{FE906C67-ECD8-4A49-A2E1-A98D572986AB}.Release|Any CPU.ActiveCfg = Release|Any CPU
		{FE906C67-ECD8-4A49-A2E1-A98D572986AB}.Release|Any CPU.Build.0 = Release|Any CPU
		{4EC78C4A-1436-445D-9EAD-20BDD8049011}.Debug|Any CPU.ActiveCfg = Debug|Any CPU
		{4EC78C4A-1436-445D-9EAD-20BDD8049011}.Debug|Any CPU.Build.0 = Debug|Any CPU
		{4EC78C4A-1436-445D-9EAD-20BDD8049011}.Release|Any CPU.ActiveCfg = Release|Any CPU
		{4EC78C4A-1436-445D-9EAD-20BDD8049011}.Release|Any CPU.Build.0 = Release|Any CPU
		{401B3F21-B2D4-40BF-B70A-F2067AA6FF0C}.Debug|Any CPU.ActiveCfg = Debug|Any CPU
		{401B3F21-B2D4-40BF-B70A-F2067AA6FF0C}.Debug|Any CPU.Build.0 = Debug|Any CPU
		{401B3F21-B2D4-40BF-B70A-F2067AA6FF0C}.Release|Any CPU.ActiveCfg = Release|Any CPU
		{401B3F21-B2D4-40BF-B70A-F2067AA6FF0C}.Release|Any CPU.Build.0 = Release|Any CPU
		{120DB00D-E8D6-42AE-B4BB-39D33666B108}.Debug|Any CPU.ActiveCfg = Debug|Any CPU
		{120DB00D-E8D6-42AE-B4BB-39D33666B108}.Debug|Any CPU.Build.0 = Debug|Any CPU
		{120DB00D-E8D6-42AE-B4BB-39D33666B108}.Release|Any CPU.ActiveCfg = Release|Any CPU
		{120DB00D-E8D6-42AE-B4BB-39D33666B108}.Release|Any CPU.Build.0 = Release|Any CPU
		{8B19040D-F365-44A6-AE8D-9FC00E6458F0}.Debug|Any CPU.ActiveCfg = Debug|Any CPU
		{8B19040D-F365-44A6-AE8D-9FC00E6458F0}.Debug|Any CPU.Build.0 = Debug|Any CPU
		{8B19040D-F365-44A6-AE8D-9FC00E6458F0}.Release|Any CPU.ActiveCfg = Release|Any CPU
		{8B19040D-F365-44A6-AE8D-9FC00E6458F0}.Release|Any CPU.Build.0 = Release|Any CPU
		{FE5794FA-3B8E-492D-A683-03EE4A9E50F7}.Debug|Any CPU.ActiveCfg = Debug|Any CPU
		{FE5794FA-3B8E-492D-A683-03EE4A9E50F7}.Debug|Any CPU.Build.0 = Debug|Any CPU
		{FE5794FA-3B8E-492D-A683-03EE4A9E50F7}.Release|Any CPU.ActiveCfg = Release|Any CPU
		{FE5794FA-3B8E-492D-A683-03EE4A9E50F7}.Release|Any CPU.Build.0 = Release|Any CPU
		{8D773C11-DED0-4009-90B8-2AC59EEB02D9}.Debug|Any CPU.ActiveCfg = Debug|Any CPU
		{8D773C11-DED0-4009-90B8-2AC59EEB02D9}.Debug|Any CPU.Build.0 = Debug|Any CPU
		{8D773C11-DED0-4009-90B8-2AC59EEB02D9}.Release|Any CPU.ActiveCfg = Release|Any CPU
		{8D773C11-DED0-4009-90B8-2AC59EEB02D9}.Release|Any CPU.Build.0 = Release|Any CPU
		{553083F5-D061-4EBF-B921-F83E3E253214}.Debug|Any CPU.ActiveCfg = Debug|Any CPU
		{553083F5-D061-4EBF-B921-F83E3E253214}.Debug|Any CPU.Build.0 = Debug|Any CPU
		{553083F5-D061-4EBF-B921-F83E3E253214}.Release|Any CPU.ActiveCfg = Release|Any CPU
		{553083F5-D061-4EBF-B921-F83E3E253214}.Release|Any CPU.Build.0 = Release|Any CPU
		{834F7583-EC2C-493F-8EFF-6B39CFDC5768}.Debug|Any CPU.ActiveCfg = Debug|Any CPU
		{834F7583-EC2C-493F-8EFF-6B39CFDC5768}.Debug|Any CPU.Build.0 = Debug|Any CPU
		{834F7583-EC2C-493F-8EFF-6B39CFDC5768}.Release|Any CPU.ActiveCfg = Release|Any CPU
		{834F7583-EC2C-493F-8EFF-6B39CFDC5768}.Release|Any CPU.Build.0 = Release|Any CPU
		{55E64D47-F743-4173-B552-9DF517B319EB}.Debug|Any CPU.ActiveCfg = Debug|Any CPU
		{55E64D47-F743-4173-B552-9DF517B319EB}.Debug|Any CPU.Build.0 = Debug|Any CPU
		{55E64D47-F743-4173-B552-9DF517B319EB}.Release|Any CPU.ActiveCfg = Release|Any CPU
		{55E64D47-F743-4173-B552-9DF517B319EB}.Release|Any CPU.Build.0 = Release|Any CPU
		{165331A6-95F0-4FAA-B0B3-5611F8725900}.Debug|Any CPU.ActiveCfg = Debug|Any CPU
		{165331A6-95F0-4FAA-B0B3-5611F8725900}.Debug|Any CPU.Build.0 = Debug|Any CPU
		{165331A6-95F0-4FAA-B0B3-5611F8725900}.Release|Any CPU.ActiveCfg = Release|Any CPU
		{165331A6-95F0-4FAA-B0B3-5611F8725900}.Release|Any CPU.Build.0 = Release|Any CPU
		{6EE42A37-1C1B-4BC9-8173-2418712D1A7A}.Debug|Any CPU.ActiveCfg = Debug|Any CPU
		{6EE42A37-1C1B-4BC9-8173-2418712D1A7A}.Debug|Any CPU.Build.0 = Debug|Any CPU
		{6EE42A37-1C1B-4BC9-8173-2418712D1A7A}.Release|Any CPU.ActiveCfg = Release|Any CPU
		{6EE42A37-1C1B-4BC9-8173-2418712D1A7A}.Release|Any CPU.Build.0 = Release|Any CPU
		{7EF541ED-C59B-44EF-83C0-3143F03789FA}.Debug|Any CPU.ActiveCfg = Debug|Any CPU
		{7EF541ED-C59B-44EF-83C0-3143F03789FA}.Debug|Any CPU.Build.0 = Debug|Any CPU
		{7EF541ED-C59B-44EF-83C0-3143F03789FA}.Release|Any CPU.ActiveCfg = Release|Any CPU
		{7EF541ED-C59B-44EF-83C0-3143F03789FA}.Release|Any CPU.Build.0 = Release|Any CPU
		{5DB0F39E-95BB-4A32-9E0A-2BF7F5018B28}.Debug|Any CPU.ActiveCfg = Debug|Any CPU
		{5DB0F39E-95BB-4A32-9E0A-2BF7F5018B28}.Debug|Any CPU.Build.0 = Debug|Any CPU
		{5DB0F39E-95BB-4A32-9E0A-2BF7F5018B28}.Release|Any CPU.ActiveCfg = Release|Any CPU
		{5DB0F39E-95BB-4A32-9E0A-2BF7F5018B28}.Release|Any CPU.Build.0 = Release|Any CPU
		{2FBD05CB-0D11-46FD-AC13-E691B665DBDF}.Debug|Any CPU.ActiveCfg = Debug|Any CPU
		{2FBD05CB-0D11-46FD-AC13-E691B665DBDF}.Debug|Any CPU.Build.0 = Debug|Any CPU
		{2FBD05CB-0D11-46FD-AC13-E691B665DBDF}.Release|Any CPU.ActiveCfg = Release|Any CPU
		{2FBD05CB-0D11-46FD-AC13-E691B665DBDF}.Release|Any CPU.Build.0 = Release|Any CPU
		{A24CC1C6-CDA2-4106-93D5-27DB8C36099B}.Debug|Any CPU.ActiveCfg = Debug|Any CPU
		{A24CC1C6-CDA2-4106-93D5-27DB8C36099B}.Debug|Any CPU.Build.0 = Debug|Any CPU
		{A24CC1C6-CDA2-4106-93D5-27DB8C36099B}.Release|Any CPU.ActiveCfg = Release|Any CPU
		{A24CC1C6-CDA2-4106-93D5-27DB8C36099B}.Release|Any CPU.Build.0 = Release|Any CPU
		{61312310-D531-44B2-83D8-850BA974CA24}.Debug|Any CPU.ActiveCfg = Debug|Any CPU
		{61312310-D531-44B2-83D8-850BA974CA24}.Debug|Any CPU.Build.0 = Debug|Any CPU
		{61312310-D531-44B2-83D8-850BA974CA24}.Release|Any CPU.ActiveCfg = Release|Any CPU
		{61312310-D531-44B2-83D8-850BA974CA24}.Release|Any CPU.Build.0 = Release|Any CPU
		{8E9302D1-FC73-44B3-AA81-5FA7D97DA654}.Debug|Any CPU.ActiveCfg = Debug|Any CPU
		{8E9302D1-FC73-44B3-AA81-5FA7D97DA654}.Debug|Any CPU.Build.0 = Debug|Any CPU
		{8E9302D1-FC73-44B3-AA81-5FA7D97DA654}.Release|Any CPU.ActiveCfg = Release|Any CPU
		{8E9302D1-FC73-44B3-AA81-5FA7D97DA654}.Release|Any CPU.Build.0 = Release|Any CPU
		{28E289A1-F4C9-469B-97D3-BBA5169F2149}.Debug|Any CPU.ActiveCfg = Debug|Any CPU
		{28E289A1-F4C9-469B-97D3-BBA5169F2149}.Debug|Any CPU.Build.0 = Debug|Any CPU
		{28E289A1-F4C9-469B-97D3-BBA5169F2149}.Release|Any CPU.ActiveCfg = Release|Any CPU
		{28E289A1-F4C9-469B-97D3-BBA5169F2149}.Release|Any CPU.Build.0 = Release|Any CPU
		{76B2B8D3-1BBC-4630-AB85-6B5934B10A1A}.Debug|Any CPU.ActiveCfg = Debug|Any CPU
		{76B2B8D3-1BBC-4630-AB85-6B5934B10A1A}.Debug|Any CPU.Build.0 = Debug|Any CPU
		{76B2B8D3-1BBC-4630-AB85-6B5934B10A1A}.Release|Any CPU.ActiveCfg = Release|Any CPU
		{76B2B8D3-1BBC-4630-AB85-6B5934B10A1A}.Release|Any CPU.Build.0 = Release|Any CPU
		{6265EB93-E8E0-41FA-9D00-5AB811444D62}.Debug|Any CPU.ActiveCfg = Debug|Any CPU
		{6265EB93-E8E0-41FA-9D00-5AB811444D62}.Debug|Any CPU.Build.0 = Debug|Any CPU
		{6265EB93-E8E0-41FA-9D00-5AB811444D62}.Release|Any CPU.ActiveCfg = Release|Any CPU
		{6265EB93-E8E0-41FA-9D00-5AB811444D62}.Release|Any CPU.Build.0 = Release|Any CPU
		{2520AB85-BC94-4F62-A91C-BD0D9CA7D4DB}.Debug|Any CPU.ActiveCfg = Debug|Any CPU
		{2520AB85-BC94-4F62-A91C-BD0D9CA7D4DB}.Debug|Any CPU.Build.0 = Debug|Any CPU
		{2520AB85-BC94-4F62-A91C-BD0D9CA7D4DB}.Release|Any CPU.ActiveCfg = Release|Any CPU
		{2520AB85-BC94-4F62-A91C-BD0D9CA7D4DB}.Release|Any CPU.Build.0 = Release|Any CPU
		{DD0440E4-6DDB-413C-A3AE-855592CF1DBE}.Debug|Any CPU.ActiveCfg = Debug|Any CPU
		{DD0440E4-6DDB-413C-A3AE-855592CF1DBE}.Debug|Any CPU.Build.0 = Debug|Any CPU
		{DD0440E4-6DDB-413C-A3AE-855592CF1DBE}.Release|Any CPU.ActiveCfg = Release|Any CPU
		{DD0440E4-6DDB-413C-A3AE-855592CF1DBE}.Release|Any CPU.Build.0 = Release|Any CPU
		{9C9D1E16-B328-4631-9BC8-CA7D23DC7D76}.Debug|Any CPU.ActiveCfg = Debug|Any CPU
		{9C9D1E16-B328-4631-9BC8-CA7D23DC7D76}.Debug|Any CPU.Build.0 = Debug|Any CPU
		{9C9D1E16-B328-4631-9BC8-CA7D23DC7D76}.Release|Any CPU.ActiveCfg = Release|Any CPU
		{9C9D1E16-B328-4631-9BC8-CA7D23DC7D76}.Release|Any CPU.Build.0 = Release|Any CPU
		{8C5BB3B4-0E43-4C7E-B838-27E1FC9B0EDE}.Debug|Any CPU.ActiveCfg = Debug|Any CPU
		{8C5BB3B4-0E43-4C7E-B838-27E1FC9B0EDE}.Debug|Any CPU.Build.0 = Debug|Any CPU
		{8C5BB3B4-0E43-4C7E-B838-27E1FC9B0EDE}.Release|Any CPU.ActiveCfg = Release|Any CPU
		{8C5BB3B4-0E43-4C7E-B838-27E1FC9B0EDE}.Release|Any CPU.Build.0 = Release|Any CPU
		{8ADF2CFC-C228-4CAD-9170-CF95FB1B7F22}.Debug|Any CPU.ActiveCfg = Debug|Any CPU
		{8ADF2CFC-C228-4CAD-9170-CF95FB1B7F22}.Debug|Any CPU.Build.0 = Debug|Any CPU
		{8ADF2CFC-C228-4CAD-9170-CF95FB1B7F22}.Release|Any CPU.ActiveCfg = Release|Any CPU
		{8ADF2CFC-C228-4CAD-9170-CF95FB1B7F22}.Release|Any CPU.Build.0 = Release|Any CPU
		{39431BD1-25B8-477A-8891-C9D9F13B22AF}.Debug|Any CPU.ActiveCfg = Debug|Any CPU
		{39431BD1-25B8-477A-8891-C9D9F13B22AF}.Debug|Any CPU.Build.0 = Debug|Any CPU
		{39431BD1-25B8-477A-8891-C9D9F13B22AF}.Release|Any CPU.ActiveCfg = Release|Any CPU
		{39431BD1-25B8-477A-8891-C9D9F13B22AF}.Release|Any CPU.Build.0 = Release|Any CPU
		{89F09AA8-C1E3-4A13-97ED-3E119251CA17}.Debug|Any CPU.ActiveCfg = Debug|Any CPU
		{89F09AA8-C1E3-4A13-97ED-3E119251CA17}.Debug|Any CPU.Build.0 = Debug|Any CPU
		{89F09AA8-C1E3-4A13-97ED-3E119251CA17}.Release|Any CPU.ActiveCfg = Release|Any CPU
		{89F09AA8-C1E3-4A13-97ED-3E119251CA17}.Release|Any CPU.Build.0 = Release|Any CPU
		{0CDB3AA0-B403-4380-B5BB-CA34D3F89236}.Debug|Any CPU.ActiveCfg = Debug|Any CPU
		{0CDB3AA0-B403-4380-B5BB-CA34D3F89236}.Debug|Any CPU.Build.0 = Debug|Any CPU
		{0CDB3AA0-B403-4380-B5BB-CA34D3F89236}.Release|Any CPU.ActiveCfg = Release|Any CPU
		{0CDB3AA0-B403-4380-B5BB-CA34D3F89236}.Release|Any CPU.Build.0 = Release|Any CPU
		{9CFDA2E1-080E-46CC-BD16-F5D1EA5C4697}.Debug|Any CPU.ActiveCfg = Debug|Any CPU
		{9CFDA2E1-080E-46CC-BD16-F5D1EA5C4697}.Debug|Any CPU.Build.0 = Debug|Any CPU
		{9CFDA2E1-080E-46CC-BD16-F5D1EA5C4697}.Release|Any CPU.ActiveCfg = Release|Any CPU
		{9CFDA2E1-080E-46CC-BD16-F5D1EA5C4697}.Release|Any CPU.Build.0 = Release|Any CPU
		{6DCE76AF-D57D-4AF4-93FB-C2DD96DB56A1}.Debug|Any CPU.ActiveCfg = Debug|Any CPU
		{6DCE76AF-D57D-4AF4-93FB-C2DD96DB56A1}.Debug|Any CPU.Build.0 = Debug|Any CPU
		{6DCE76AF-D57D-4AF4-93FB-C2DD96DB56A1}.Release|Any CPU.ActiveCfg = Release|Any CPU
		{6DCE76AF-D57D-4AF4-93FB-C2DD96DB56A1}.Release|Any CPU.Build.0 = Release|Any CPU
		{09B3CAA2-6616-4423-9356-48EA4BD4ED60}.Debug|Any CPU.ActiveCfg = Debug|Any CPU
		{09B3CAA2-6616-4423-9356-48EA4BD4ED60}.Debug|Any CPU.Build.0 = Debug|Any CPU
		{09B3CAA2-6616-4423-9356-48EA4BD4ED60}.Release|Any CPU.ActiveCfg = Release|Any CPU
		{09B3CAA2-6616-4423-9356-48EA4BD4ED60}.Release|Any CPU.Build.0 = Release|Any CPU
		{E3238C96-B9C5-4BC6-A028-FE19E20B45A1}.Debug|Any CPU.ActiveCfg = Debug|Any CPU
		{E3238C96-B9C5-4BC6-A028-FE19E20B45A1}.Debug|Any CPU.Build.0 = Debug|Any CPU
		{E3238C96-B9C5-4BC6-A028-FE19E20B45A1}.Release|Any CPU.ActiveCfg = Release|Any CPU
		{E3238C96-B9C5-4BC6-A028-FE19E20B45A1}.Release|Any CPU.Build.0 = Release|Any CPU
		{C9CBE458-CBFA-44A3-82BE-071C1E30B41D}.Debug|Any CPU.ActiveCfg = Debug|Any CPU
		{C9CBE458-CBFA-44A3-82BE-071C1E30B41D}.Debug|Any CPU.Build.0 = Debug|Any CPU
		{C9CBE458-CBFA-44A3-82BE-071C1E30B41D}.Release|Any CPU.ActiveCfg = Release|Any CPU
		{C9CBE458-CBFA-44A3-82BE-071C1E30B41D}.Release|Any CPU.Build.0 = Release|Any CPU
		{38C689A3-4A75-4155-9C62-31C52DEFC860}.Debug|Any CPU.ActiveCfg = Debug|Any CPU
		{38C689A3-4A75-4155-9C62-31C52DEFC860}.Debug|Any CPU.Build.0 = Debug|Any CPU
		{38C689A3-4A75-4155-9C62-31C52DEFC860}.Release|Any CPU.ActiveCfg = Release|Any CPU
		{38C689A3-4A75-4155-9C62-31C52DEFC860}.Release|Any CPU.Build.0 = Release|Any CPU
		{B3AD2C6A-3C21-432B-A91D-0BDC4DFE9414}.Debug|Any CPU.ActiveCfg = Debug|Any CPU
		{B3AD2C6A-3C21-432B-A91D-0BDC4DFE9414}.Debug|Any CPU.Build.0 = Debug|Any CPU
		{B3AD2C6A-3C21-432B-A91D-0BDC4DFE9414}.Release|Any CPU.ActiveCfg = Release|Any CPU
		{B3AD2C6A-3C21-432B-A91D-0BDC4DFE9414}.Release|Any CPU.Build.0 = Release|Any CPU
		{E5C82C43-87F3-4EED-8DD0-E433F101A8EC}.Debug|Any CPU.ActiveCfg = Debug|Any CPU
		{E5C82C43-87F3-4EED-8DD0-E433F101A8EC}.Debug|Any CPU.Build.0 = Debug|Any CPU
		{E5C82C43-87F3-4EED-8DD0-E433F101A8EC}.Release|Any CPU.ActiveCfg = Release|Any CPU
		{E5C82C43-87F3-4EED-8DD0-E433F101A8EC}.Release|Any CPU.Build.0 = Release|Any CPU
		{B63152BD-2B21-4F6A-AB33-76BA9747F91C}.Debug|Any CPU.ActiveCfg = Debug|Any CPU
		{B63152BD-2B21-4F6A-AB33-76BA9747F91C}.Debug|Any CPU.Build.0 = Debug|Any CPU
		{B63152BD-2B21-4F6A-AB33-76BA9747F91C}.Release|Any CPU.ActiveCfg = Release|Any CPU
		{B63152BD-2B21-4F6A-AB33-76BA9747F91C}.Release|Any CPU.Build.0 = Release|Any CPU
		{CA11416D-A7A3-44A5-955F-9B27DA813703}.Debug|Any CPU.ActiveCfg = Debug|Any CPU
		{CA11416D-A7A3-44A5-955F-9B27DA813703}.Debug|Any CPU.Build.0 = Debug|Any CPU
		{CA11416D-A7A3-44A5-955F-9B27DA813703}.Release|Any CPU.ActiveCfg = Release|Any CPU
		{CA11416D-A7A3-44A5-955F-9B27DA813703}.Release|Any CPU.Build.0 = Release|Any CPU
		{D8587F37-FD38-4E6C-93E8-BDE93C6B88C0}.Debug|Any CPU.ActiveCfg = Debug|Any CPU
		{D8587F37-FD38-4E6C-93E8-BDE93C6B88C0}.Debug|Any CPU.Build.0 = Debug|Any CPU
		{D8587F37-FD38-4E6C-93E8-BDE93C6B88C0}.Release|Any CPU.ActiveCfg = Release|Any CPU
		{D8587F37-FD38-4E6C-93E8-BDE93C6B88C0}.Release|Any CPU.Build.0 = Release|Any CPU
		{9EC573AF-207B-495A-A673-A154CE1F420A}.Debug|Any CPU.ActiveCfg = Debug|Any CPU
		{9EC573AF-207B-495A-A673-A154CE1F420A}.Debug|Any CPU.Build.0 = Debug|Any CPU
		{9EC573AF-207B-495A-A673-A154CE1F420A}.Release|Any CPU.ActiveCfg = Release|Any CPU
		{9EC573AF-207B-495A-A673-A154CE1F420A}.Release|Any CPU.Build.0 = Release|Any CPU
		{3570D04A-75BE-4923-8FC0-EC02D38259DB}.Debug|Any CPU.ActiveCfg = Debug|Any CPU
		{3570D04A-75BE-4923-8FC0-EC02D38259DB}.Debug|Any CPU.Build.0 = Debug|Any CPU
		{3570D04A-75BE-4923-8FC0-EC02D38259DB}.Release|Any CPU.ActiveCfg = Release|Any CPU
		{3570D04A-75BE-4923-8FC0-EC02D38259DB}.Release|Any CPU.Build.0 = Release|Any CPU
	EndGlobalSection
	GlobalSection(SolutionProperties) = preSolution
		HideSolutionNode = FALSE
	EndGlobalSection
	GlobalSection(ExtensibilityGlobals) = postSolution
		SolutionGuid = {08E58994-EA74-44DF-98FE-568441979EAE}
	EndGlobalSection
EndGlobal
