
Microsoft Visual Studio Solution File, Format Version 12.00
# Visual Studio Version 17
VisualStudioVersion = 17.14.36518.9
MinimumVisualStudioVersion = 10.0.40219.1
Project("{FAE04EC0-301F-11D3-BF4B-00C04F79EFBC}") = "Generics", "Generics\Generics.csproj", "{1E333D37-7854-43A0-85A8-072B73A7EC20}"
EndProject
Project("{FAE04EC0-301F-11D3-BF4B-00C04F79EFBC}") = "GenericComparison", "GenericComparison\GenericComparison.csproj", "{57645DA6-0DDE-449B-A6E6-B70DA138867D}"
EndProject
Project("{FAE04EC0-301F-11D3-BF4B-00C04F79EFBC}") = "Collections", "Collections'\Collections.csproj", "{FE906C67-ECD8-4A49-A2E1-A98D572986AB}"
EndProject
Project("{FAE04EC0-301F-11D3-BF4B-00C04F79EFBC}") = "InterfaceImplimentationDemo", "Demos\InterfaceImplimentationDemo.csproj", "{4EC78C4A-1436-445D-9EAD-20BDD8049011}"
EndProject
Project("{FAE04EC0-301F-11D3-BF4B-00C04F79EFBC}") = "ForeachDemo", "ForeachDemo\ForeachDemo.csproj", "{401B3F21-B2D4-40BF-B70A-F2067AA6FF0C}"
EndProject
Project("{FAE04EC0-301F-11D3-BF4B-00C04F79EFBC}") = "ListDemo", "ListDemo\ListDemo.csproj", "{120DB00D-E8D6-42AE-B4BB-39D33666B108}"
EndProject
Project("{FAE04EC0-301F-11D3-BF4B-00C04F79EFBC}") = "DictionaryDemo", "DictionaryDemo\DictionaryDemo.csproj", "{8B19040D-F365-44A6-AE8D-9FC00E6458F0}"
EndProject
Project("{FAE04EC0-301F-11D3-BF4B-00C04F79EFBC}") = "QueueDemo", "QueueDemo\QueueDemo.csproj", "{FE5794FA-3B8E-492D-A683-03EE4A9E50F7}"
EndProject
Project("{FAE04EC0-301F-11D3-BF4B-00C04F79EFBC}") = "StackDemo", "StackDemo\StackDemo.csproj", "{8D773C11-DED0-4009-90B8-2AC59EEB02D9}"
EndProject
Project("{FAE04EC0-301F-11D3-BF4B-00C04F79EFBC}") = "HashSetDemo", "HashSetDemo\HashSetDemo.csproj", "{553083F5-D061-4EBF-B921-F83E3E253214}"
EndProject
Project("{FAE04EC0-301F-11D3-BF4B-00C04F79EFBC}") = "MovieApiDemo", "MovieApiDemo\MovieApiDemo.csproj", "{834F7583-EC2C-493F-8EFF-6B39CFDC5768}"
EndProject
Project("{FAE04EC0-301F-11D3-BF4B-00C04F79EFBC}") = "DateTimeDemo", "DateTimeDemo\DateTimeDemo.csproj", "{55E64D47-F743-4173-B552-9DF517B319EB}"
EndProject
Project("{FAE04EC0-301F-11D3-BF4B-00C04F79EFBC}") = "TimeSpanDemo", "TimeSpanDemo\TimeSpanDemo.csproj", "{165331A6-95F0-4FAA-B0B3-5611F8725900}"
EndProject
Project("{FAE04EC0-301F-11D3-BF4B-00C04F79EFBC}") = "StringBuilderDemo", "StringBuilderDemo\StringBuilderDemo.csproj", "{6EE42A37-1C1B-4BC9-8173-2418712D1A7A}"
EndProject
Project("{FAE04EC0-301F-11D3-BF4B-00C04F79EFBC}") = "TuplesDemo", "TuplesDemo\TuplesDemo.csproj", "{7EF541ED-C59B-44EF-83C0-3143F03789FA}"
EndProject
Project("{FAE04EC0-301F-11D3-BF4B-00C04F79EFBC}") = "RandomDemo", "RandomDemo\RandomDemo.csproj", "{5DB0F39E-95BB-4A32-9E0A-2BF7F5018B28}"
EndProject
Global
	GlobalSection(SolutionConfigurationPlatforms) = preSolution
		Debug|Any CPU = Debug|Any CPU
		Release|Any CPU = Release|Any CPU
	EndGlobalSection
	GlobalSection(ProjectConfigurationPlatforms) = postSolution
		{1E333D37-7854-43A0-85A8-072B73A7EC20}.Debug|Any CPU.ActiveCfg = Debug|Any CPU
		{1E333D37-7854-43A0-85A8-072B73A7EC20}.Debug|Any CPU.Build.0 = Debug|Any CPU
		{1E333D37-7854-43A0-85A8-072B73A7EC20}.Release|Any CPU.ActiveCfg = Release|Any CPU
		{1E333D37-7854-43A0-85A8-072B73A7EC20}.Release|Any CPU.Build.0 = Release|Any CPU
		{57645DA6-0DDE-449B-A6E6-B70DA138867D}.Debug|Any CPU.ActiveCfg = Debug|Any CPU
		{57645DA6-0DDE-449B-A6E6-B70DA138867D}.Debug|Any CPU.Build.0 = Debug|Any CPU
		{57645DA6-0DDE-449B-A6E6-B70DA138867D}.Release|Any CPU.ActiveCfg = Release|Any CPU
		{57645DA6-0DDE-449B-A6E6-B70DA138867D}.Release|Any CPU.Build.0 = Release|Any CPU
		{FE906C67-ECD8-4A49-A2E1-A98D572986AB}.Debug|Any CPU.ActiveCfg = Debug|Any CPU
		{FE906C67-ECD8-4A49-A2E1-A98D572986AB}.Debug|Any CPU.Build.0 = Debug|Any CPU
		{FE906C67-ECD8-4A49-A2E1-A98D572986AB}.Release|Any CPU.ActiveCfg = Release|Any CPU
		{FE906C67-ECD8-4A49-A2E1-A98D572986AB}.Release|Any CPU.Build.0 = Release|Any CPU
		{4EC78C4A-1436-445D-9EAD-20BDD8049011}.Debug|Any CPU.ActiveCfg = Debug|Any CPU
		{4EC78C4A-1436-445D-9EAD-20BDD8049011}.Debug|Any CPU.Build.0 = Debug|Any CPU
		{4EC78C4A-1436-445D-9EAD-20BDD8049011}.Release|Any CPU.ActiveCfg = Release|Any CPU
		{4EC78C4A-1436-445D-9EAD-20BDD8049011}.Release|Any CPU.Build.0 = Release|Any CPU
		{401B3F21-B2D4-40BF-B70A-F2067AA6FF0C}.Debug|Any CPU.ActiveCfg = Debug|Any CPU
		{401B3F21-B2D4-40BF-B70A-F2067AA6FF0C}.Debug|Any CPU.Build.0 = Debug|Any CPU
		{401B3F21-B2D4-40BF-B70A-F2067AA6FF0C}.Release|Any CPU.ActiveCfg = Release|Any CPU
		{401B3F21-B2D4-40BF-B70A-F2067AA6FF0C}.Release|Any CPU.Build.0 = Release|Any CPU
		{120DB00D-E8D6-42AE-B4BB-39D33666B108}.Debug|Any CPU.ActiveCfg = Debug|Any CPU
		{120DB00D-E8D6-42AE-B4BB-39D33666B108}.Debug|Any CPU.Build.0 = Debug|Any CPU
		{120DB00D-E8D6-42AE-B4BB-39D33666B108}.Release|Any CPU.ActiveCfg = Release|Any CPU
		{120DB00D-E8D6-42AE-B4BB-39D33666B108}.Release|Any CPU.Build.0 = Release|Any CPU
		{8B19040D-F365-44A6-AE8D-9FC00E6458F0}.Debug|Any CPU.ActiveCfg = Debug|Any CPU
		{8B19040D-F365-44A6-AE8D-9FC00E6458F0}.Debug|Any CPU.Build.0 = Debug|Any CPU
		{8B19040D-F365-44A6-AE8D-9FC00E6458F0}.Release|Any CPU.ActiveCfg = Release|Any CPU
		{8B19040D-F365-44A6-AE8D-9FC00E6458F0}.Release|Any CPU.Build.0 = Release|Any CPU
		{FE5794FA-3B8E-492D-A683-03EE4A9E50F7}.Debug|Any CPU.ActiveCfg = Debug|Any CPU
		{FE5794FA-3B8E-492D-A683-03EE4A9E50F7}.Debug|Any CPU.Build.0 = Debug|Any CPU
		{FE5794FA-3B8E-492D-A683-03EE4A9E50F7}.Release|Any CPU.ActiveCfg = Release|Any CPU
		{FE5794FA-3B8E-492D-A683-03EE4A9E50F7}.Release|Any CPU.Build.0 = Release|Any CPU
		{8D773C11-DED0-4009-90B8-2AC59EEB02D9}.Debug|Any CPU.ActiveCfg = Debug|Any CPU
		{8D773C11-DED0-4009-90B8-2AC59EEB02D9}.Debug|Any CPU.Build.0 = Debug|Any CPU
		{8D773C11-DED0-4009-90B8-2AC59EEB02D9}.Release|Any CPU.ActiveCfg = Release|Any CPU
		{8D773C11-DED0-4009-90B8-2AC59EEB02D9}.Release|Any CPU.Build.0 = Release|Any CPU
		{553083F5-D061-4EBF-B921-F83E3E253214}.Debug|Any CPU.ActiveCfg = Debug|Any CPU
		{553083F5-D061-4EBF-B921-F83E3E253214}.Debug|Any CPU.Build.0 = Debug|Any CPU
		{553083F5-D061-4EBF-B921-F83E3E253214}.Release|Any CPU.ActiveCfg = Release|Any CPU
		{553083F5-D061-4EBF-B921-F83E3E253214}.Release|Any CPU.Build.0 = Release|Any CPU
		{834F7583-EC2C-493F-8EFF-6B39CFDC5768}.Debug|Any CPU.ActiveCfg = Debug|Any CPU
		{834F7583-EC2C-493F-8EFF-6B39CFDC5768}.Debug|Any CPU.Build.0 = Debug|Any CPU
		{834F7583-EC2C-493F-8EFF-6B39CFDC5768}.Release|Any CPU.ActiveCfg = Release|Any CPU
		{834F7583-EC2C-493F-8EFF-6B39CFDC5768}.Release|Any CPU.Build.0 = Release|Any CPU
		{55E64D47-F743-4173-B552-9DF517B319EB}.Debug|Any CPU.ActiveCfg = Debug|Any CPU
		{55E64D47-F743-4173-B552-9DF517B319EB}.Debug|Any CPU.Build.0 = Debug|Any CPU
		{55E64D47-F743-4173-B552-9DF517B319EB}.Release|Any CPU.ActiveCfg = Release|Any CPU
		{55E64D47-F743-4173-B552-9DF517B319EB}.Release|Any CPU.Build.0 = Release|Any CPU
		{165331A6-95F0-4FAA-B0B3-5611F8725900}.Debug|Any CPU.ActiveCfg = Debug|Any CPU
		{165331A6-95F0-4FAA-B0B3-5611F8725900}.Debug|Any CPU.Build.0 = Debug|Any CPU
		{165331A6-95F0-4FAA-B0B3-5611F8725900}.Release|Any CPU.ActiveCfg = Release|Any CPU
		{165331A6-95F0-4FAA-B0B3-5611F8725900}.Release|Any CPU.Build.0 = Release|Any CPU
		{6EE42A37-1C1B-4BC9-8173-2418712D1A7A}.Debug|Any CPU.ActiveCfg = Debug|Any CPU
		{6EE42A37-1C1B-4BC9-8173-2418712D1A7A}.Debug|Any CPU.Build.0 = Debug|Any CPU
		{6EE42A37-1C1B-4BC9-8173-2418712D1A7A}.Release|Any CPU.ActiveCfg = Release|Any CPU
		{6EE42A37-1C1B-4BC9-8173-2418712D1A7A}.Release|Any CPU.Build.0 = Release|Any CPU
		{7EF541ED-C59B-44EF-83C0-3143F03789FA}.Debug|Any CPU.ActiveCfg = Debug|Any CPU
		{7EF541ED-C59B-44EF-83C0-3143F03789FA}.Debug|Any CPU.Build.0 = Debug|Any CPU
		{7EF541ED-C59B-44EF-83C0-3143F03789FA}.Release|Any CPU.ActiveCfg = Release|Any CPU
		{7EF541ED-C59B-44EF-83C0-3143F03789FA}.Release|Any CPU.Build.0 = Release|Any CPU
		{5DB0F39E-95BB-4A32-9E0A-2BF7F5018B28}.Debug|Any CPU.ActiveCfg = Debug|Any CPU
		{5DB0F39E-95BB-4A32-9E0A-2BF7F5018B28}.Debug|Any CPU.Build.0 = Debug|Any CPU
		{5DB0F39E-95BB-4A32-9E0A-2BF7F5018B28}.Release|Any CPU.ActiveCfg = Release|Any CPU
		{5DB0F39E-95BB-4A32-9E0A-2BF7F5018B28}.Release|Any CPU.Build.0 = Release|Any CPU
	EndGlobalSection
	GlobalSection(SolutionProperties) = preSolution
		HideSolutionNode = FALSE
	EndGlobalSection
	GlobalSection(ExtensibilityGlobals) = postSolution
		SolutionGuid = {08E58994-EA74-44DF-98FE-568441979EAE}
	EndGlobalSection
EndGlobal
